
Microsoft Visual Studio Solution File, Format Version 12.00
# Visual Studio Version 17
VisualStudioVersion = 17.9.34622.214
MinimumVisualStudioVersion = 10.0.40219.1
Project("{9A19103F-16F7-4668-BE54-9A1E7A4F7556}") = "Ray.Spike.Cap", "Ray.Spike.Cap\Ray.Spike.Cap.csproj", "{F8029F45-DA1F-43B0-A6F9-3E7ED38D5BAE}"
EndProject
Project("{9A19103F-16F7-4668-BE54-9A1E7A4F7556}") = "Ray.Spike.Cap.Common", "Ray.Spike.Cap.Common\Ray.Spike.Cap.Common.csproj", "{1152FEDB-17DB-48E9-AFFF-543DA66ED014}"
EndProject
Project("{FAE04EC0-301F-11D3-BF4B-00C04F79EFBC}") = "Ray.Spike.Cap.Consumer", "Ray.Spike.Cap.Consumer\Ray.Spike.Cap.Consumer.csproj", "{702470C7-35B0-48A5-B772-8D537E9AEB25}"
EndProject
Global
	GlobalSection(SolutionConfigurationPlatforms) = preSolution
		Debug|Any CPU = Debug|Any CPU
		Release|Any CPU = Release|Any CPU
	EndGlobalSection
	GlobalSection(ProjectConfigurationPlatforms) = postSolution
		{F8029F45-DA1F-43B0-A6F9-3E7ED38D5BAE}.Debug|Any CPU.ActiveCfg = Debug|Any CPU
		{F8029F45-DA1F-43B0-A6F9-3E7ED38D5BAE}.Debug|Any CPU.Build.0 = Debug|Any CPU
		{F8029F45-DA1F-43B0-A6F9-3E7ED38D5BAE}.Release|Any CPU.ActiveCfg = Release|Any CPU
		{F8029F45-DA1F-43B0-A6F9-3E7ED38D5BAE}.Release|Any CPU.Build.0 = Release|Any CPU
		{1152FEDB-17DB-48E9-AFFF-543DA66ED014}.Debug|Any CPU.ActiveCfg = Debug|Any CPU
		{1152FEDB-17DB-48E9-AFFF-543DA66ED014}.Debug|Any CPU.Build.0 = Debug|Any CPU
		{1152FEDB-17DB-48E9-AFFF-543DA66ED014}.Release|Any CPU.ActiveCfg = Release|Any CPU
		{1152FEDB-17DB-48E9-AFFF-543DA66ED014}.Release|Any CPU.Build.0 = Release|Any CPU
		{702470C7-35B0-48A5-B772-8D537E9AEB25}.Debug|Any CPU.ActiveCfg = Debug|Any CPU
		{702470C7-35B0-48A5-B772-8D537E9AEB25}.Debug|Any CPU.Build.0 = Debug|Any CPU
		{702470C7-35B0-48A5-B772-8D537E9AEB25}.Release|Any CPU.ActiveCfg = Release|Any CPU
		{702470C7-35B0-48A5-B772-8D537E9AEB25}.Release|Any CPU.Build.0 = Release|Any CPU
	EndGlobalSection
	GlobalSection(SolutionProperties) = preSolution
		HideSolutionNode = FALSE
	EndGlobalSection
	GlobalSection(ExtensibilityGlobals) = postSolution
		SolutionGuid = {C5022073-185F-4CCA-A984-DBCB9E68AA0E}
	EndGlobalSection
EndGlobal
